// !$*UTF8*$!
{
	archiveVersion = 1;
	classes = {
	};
	objectVersion = 46;
	objects = {

/* Begin PBXBuildFile section */
		53540CAE1DEA515F0065DD78 /* AppDelegate.swift in Sources */ = {isa = PBXBuildFile; fileRef = 53540CAD1DEA515F0065DD78 /* AppDelegate.swift */; };
		53540CB01DEA51600065DD78 /* ViewController.swift in Sources */ = {isa = PBXBuildFile; fileRef = 53540CAF1DEA51600065DD78 /* ViewController.swift */; };
		53540CB31DEA51610065DD78 /* Main.storyboard in Resources */ = {isa = PBXBuildFile; fileRef = 53540CB11DEA51610065DD78 /* Main.storyboard */; };
		53540CB51DEA51610065DD78 /* Assets.xcassets in Resources */ = {isa = PBXBuildFile; fileRef = 53540CB41DEA51610065DD78 /* Assets.xcassets */; };
		53540CB81DEA51610065DD78 /* LaunchScreen.storyboard in Resources */ = {isa = PBXBuildFile; fileRef = 53540CB61DEA51610065DD78 /* LaunchScreen.storyboard */; };
		53540CC01DEA77A40065DD78 /* weather background.jpg in Resources */ = {isa = PBXBuildFile; fileRef = 53540CBF1DEA77A40065DD78 /* weather background.jpg */; };
/* End PBXBuildFile section */

/* Begin PBXFileReference section */
		53540CAA1DEA515E0065DD78 /* Weather.app */ = {isa = PBXFileReference; explicitFileType = wrapper.application; includeInIndex = 0; path = Weather.app; sourceTree = BUILT_PRODUCTS_DIR; };
		53540CAD1DEA515F0065DD78 /* AppDelegate.swift */ = {isa = PBXFileReference; lastKnownFileType = sourcecode.swift; path = AppDelegate.swift; sourceTree = "<group>"; };
		53540CAF1DEA51600065DD78 /* ViewController.swift */ = {isa = PBXFileReference; lastKnownFileType = sourcecode.swift; path = ViewController.swift; sourceTree = "<group>"; };
		53540CB21DEA51610065DD78 /* Base */ = {isa = PBXFileReference; lastKnownFileType = file.storyboard; name = Base; path = Base.lproj/Main.storyboard; sourceTree = "<group>"; };
		53540CB41DEA51610065DD78 /* Assets.xcassets */ = {isa = PBXFileReference; lastKnownFileType = folder.assetcatalog; path = Assets.xcassets; sourceTree = "<group>"; };
		53540CB71DEA51610065DD78 /* Base */ = {isa = PBXFileReference; lastKnownFileType = file.storyboard; name = Base; path = Base.lproj/LaunchScreen.storyboard; sourceTree = "<group>"; };
		53540CB91DEA51610065DD78 /* Info.plist */ = {isa = PBXFileReference; lastKnownFileType = text.plist.xml; path = Info.plist; sourceTree = "<group>"; };
		53540CBF1DEA77A40065DD78 /* weather background.jpg */ = {isa = PBXFileReference; lastKnownFileType = image.jpeg; name = "weather background.jpg"; path = "../../../weather background.jpg"; sourceTree = "<group>"; };
/* End PBXFileReference section */

/* Begin PBXFrameworksBuildPhase section */
		53540CA71DEA515E0065DD78 /* Frameworks */ = {
			isa = PBXFrameworksBuildPhase;
			buildActionMask = 2147483647;
			files = (
			);
			runOnlyForDeploymentPostprocessing = 0;
		};
/* End PBXFrameworksBuildPhase section */

/* Begin PBXGroup section */
		53540CA11DEA515C0065DD78 = {
			isa = PBXGroup;
			children = (
				53540CAC1DEA515E0065DD78 /* Weather */,
				53540CAB1DEA515E0065DD78 /* Products */,
			);
			sourceTree = "<group>";
		};
		53540CAB1DEA515E0065DD78 /* Products */ = {
			isa = PBXGroup;
			children = (
				53540CAA1DEA515E0065DD78 /* Weather.app */,
			);
			name = Products;
			sourceTree = "<group>";
		};
		53540CAC1DEA515E0065DD78 /* Weather */ = {
			isa = PBXGroup;
			children = (
				53540CAD1DEA515F0065DD78 /* AppDelegate.swift */,
				53540CAF1DEA51600065DD78 /* ViewController.swift */,
				53540CB11DEA51610065DD78 /* Main.storyboard */,
				53540CB41DEA51610065DD78 /* Assets.xcassets */,
				53540CBF1DEA77A40065DD78 /* weather background.jpg */,
				53540CB61DEA51610065DD78 /* LaunchScreen.storyboard */,
				53540CB91DEA51610065DD78 /* Info.plist */,
			);
			path = Weather;
			sourceTree = "<group>";
		};
/* End PBXGroup section */

/* Begin PBXNativeTarget section */
		53540CA91DEA515E0065DD78 /* Weather */ = {
			isa = PBXNativeTarget;
			buildConfigurationList = 53540CBC1DEA51610065DD78 /* Build configuration list for PBXNativeTarget "Weather" */;
			buildPhases = (
				53540CA61DEA515E0065DD78 /* Sources */,
				53540CA71DEA515E0065DD78 /* Frameworks */,
				53540CA81DEA515E0065DD78 /* Resources */,
			);
			buildRules = (
			);
			dependencies = (
			);
			name = Weather;
			productName = Weather;
			productReference = 53540CAA1DEA515E0065DD78 /* Weather.app */;
			productType = "com.apple.product-type.application";
		};
/* End PBXNativeTarget section */

/* Begin PBXProject section */
		53540CA21DEA515D0065DD78 /* Project object */ = {
			isa = PBXProject;
			attributes = {
				LastSwiftUpdateCheck = 0800;
				LastUpgradeCheck = 0800;
				ORGANIZATIONNAME = Kartik;
				TargetAttributes = {
					53540CA91DEA515E0065DD78 = {
						CreatedOnToolsVersion = 8.0;
						ProvisioningStyle = Automatic;
					};
				};
			};
			buildConfigurationList = 53540CA51DEA515D0065DD78 /* Build configuration list for PBXProject "Weather" */;
			compatibilityVersion = "Xcode 3.2";
			developmentRegion = English;
			hasScannedForEncodings = 0;
			knownRegions = (
				en,
				Base,
			);
			mainGroup = 53540CA11DEA515C0065DD78;
			productRefGroup = 53540CAB1DEA515E0065DD78 /* Products */;
			projectDirPath = "";
			projectRoot = "";
			targets = (
				53540CA91DEA515E0065DD78 /* Weather */,
			);
		};
/* End PBXProject section */

/* Begin PBXResourcesBuildPhase section */
		53540CA81DEA515E0065DD78 /* Resources */ = {
			isa = PBXResourcesBuildPhase;
			buildActionMask = 2147483647;
			files = (
				53540CB81DEA51610065DD78 /* LaunchScreen.storyboard in Resources */,
				53540CC01DEA77A40065DD78 /* weather background.jpg in Resources */,
				53540CB51DEA51610065DD78 /* Assets.xcassets in Resources */,
				53540CB31DEA51610065DD78 /* Main.storyboard in Resources */,
			);
			runOnlyForDeploymentPostprocessing = 0;
		};
/* End PBXResourcesBuildPhase section */

/* Begin PBXSourcesBuildPhase section */
		53540CA61DEA515E0065DD78 /* Sources */ = {
			isa = PBXSourcesBuildPhase;
			buildActionMask = 2147483647;
			files = (
				53540CB01DEA51600065DD78 /* ViewController.swift in Sources */,
				53540CAE1DEA515F0065DD78 /* AppDelegate.swift in Sources */,
			);
			runOnlyForDeploymentPostprocessing = 0;
		};
/* End PBXSourcesBuildPhase section */

/* Begin PBXVariantGroup section */
		53540CB11DEA51610065DD78 /* Main.storyboard */ = {
			isa = PBXVariantGroup;
			children = (
				53540CB21DEA51610065DD78 /* Base */,
			);
			name = Main.storyboard;
			sourceTree = "<group>";
		};
		53540CB61DEA51610065DD78 /* LaunchScreen.storyboard */ = {
			isa = PBXVariantGroup;
			children = (
				53540CB71DEA51610065DD78 /* Base */,
			);
			name = LaunchScreen.storyboard;
			sourceTree = "<group>";
		};
/* End PBXVariantGroup section */

/* Begin XCBuildConfiguration section */
		53540CBA1DEA51610065DD78 /* Debug */ = {
			isa = XCBuildConfiguration;
			buildSettings = {
				ALWAYS_SEARCH_USER_PATHS = NO;
				CLANG_ANALYZER_NONNULL = YES;
				CLANG_CXX_LANGUAGE_STANDARD = "gnu++0x";
				CLANG_CXX_LIBRARY = "libc++";
				CLANG_ENABLE_MODULES = YES;
				CLANG_ENABLE_OBJC_ARC = YES;
				CLANG_WARN_BOOL_CONVERSION = YES;
				CLANG_WARN_CONSTANT_CONVERSION = YES;
				CLANG_WARN_DIRECT_OBJC_ISA_USAGE = YES_ERROR;
				CLANG_WARN_DOCUMENTATION_COMMENTS = YES;
				CLANG_WARN_EMPTY_BODY = YES;
				CLANG_WARN_ENUM_CONVERSION = YES;
				CLANG_WARN_INFINITE_RECURSION = YES;
				CLANG_WARN_INT_CONVERSION = YES;
				CLANG_WARN_OBJC_ROOT_CLASS = YES_ERROR;
				CLANG_WARN_SUSPICIOUS_MOVES = YES;
				CLANG_WARN_UNREACHABLE_CODE = YES;
				CLANG_WARN__DUPLICATE_METHOD_MATCH = YES;
				"CODE_SIGN_IDENTITY[sdk=iphoneos*]" = "iPhone Developer";
				COPY_PHASE_STRIP = NO;
				DEBUG_INFORMATION_FORMAT = dwarf;
				ENABLE_STRICT_OBJC_MSGSEND = YES;
				ENABLE_TESTABILITY = YES;
				GCC_C_LANGUAGE_STANDARD = gnu99;
				GCC_DYNAMIC_NO_PIC = NO;
				GCC_NO_COMMON_BLOCKS = YES;
				GCC_OPTIMIZATION_LEVEL = 0;
				GCC_PREPROCESSOR_DEFINITIONS = (
					"DEBUG=1",
					"$(inherited)",
				);
				GCC_WARN_64_TO_32_BIT_CONVERSION = YES;
				GCC_WARN_ABOUT_RETURN_TYPE = YES_ERROR;
				GCC_WARN_UNDECLARED_SELECTOR = YES;
				GCC_WARN_UNINITIALIZED_AUTOS = YES_AGGRESSIVE;
				GCC_WARN_UNUSED_FUNCTION = YES;
				GCC_WARN_UNUSED_VARIABLE = YES;
				IPHONEOS_DEPLOYMENT_TARGET = 10.0;
				MTL_ENABLE_DEBUG_INFO = YES;
				ONLY_ACTIVE_ARCH = YES;
				SDKROOT = iphoneos;
				SWIFT_ACTIVE_COMPILATION_CONDITIONS = DEBUG;
				SWIFT_OPTIMIZATION_LEVEL = "-Onone";
			};
			name = Debug;
		};
		53540CBB1DEA51610065DD78 /* Release */ = {
			isa = XCBuildConfiguration;
			buildSettings = {
				ALWAYS_SEARCH_USER_PATHS = NO;
				CLANG_ANALYZER_NONNULL = YES;
				CLANG_CXX_LANGUAGE_STANDARD = "gnu++0x";
				CLANG_CXX_LIBRARY = "libc++";
				CLANG_ENABLE_MODULES = YES;
				CLANG_ENABLE_OBJC_ARC = YES;
				CLANG_WARN_BOOL_CONVERSION = YES;
				CLANG_WARN_CONSTANT_CONVERSION = YES;
				CLANG_WARN_DIRECT_OBJC_ISA_USAGE = YES_ERROR;
				CLANG_WARN_DOCUMENTATION_COMMENTS = YES;
				CLANG_WARN_EMPTY_BODY = YES;
				CLANG_WARN_ENUM_CONVERSION = YES;
				CLANG_WARN_INFINITE_RECURSION = YES;
				CLANG_WARN_INT_CONVERSION = YES;
				CLANG_WARN_OBJC_ROOT_CLASS = YES_ERROR;
				CLANG_WARN_SUSPICIOUS_MOVES = YES;
				CLANG_WARN_UNREACHABLE_CODE = YES;
				CLANG_WARN__DUPLICATE_METHOD_MATCH = YES;
				"CODE_SIGN_IDENTITY[sdk=iphoneos*]" = "iPhone Developer";
				COPY_PHASE_STRIP = NO;
				DEBUG_INFORMATION_FORMAT = "dwarf-with-dsym";
				ENABLE_NS_ASSERTIONS = NO;
				ENABLE_STRICT_OBJC_MSGSEND = YES;
				GCC_C_LANGUAGE_STANDARD = gnu99;
				GCC_NO_COMMON_BLOCKS = YES;
				GCC_WARN_64_TO_32_BIT_CONVERSION = YES;
				GCC_WARN_ABOUT_RETURN_TYPE = YES_ERROR;
				GCC_WARN_UNDECLARED_SELECTOR = YES;
				GCC_WARN_UNINITIALIZED_AUTOS = YES_AGGRESSIVE;
				GCC_WARN_UNUSED_FUNCTION = YES;
				GCC_WARN_UNUSED_VARIABLE = YES;
				IPHONEOS_DEPLOYMENT_TARGET = 10.0;
				MTL_ENABLE_DEBUG_INFO = NO;
				SDKROOT = iphoneos;
				SWIFT_OPTIMIZATION_LEVEL = "-Owholemodule";
				VALIDATE_PRODUCT = YES;
			};
			name = Release;
		};
		53540CBD1DEA51610065DD78 /* Debug */ = {
			isa = XCBuildConfiguration;
			buildSettings = {
				ASSETCATALOG_COMPILER_APPICON_NAME = AppIcon;
				INFOPLIST_FILE = Weather/Info.plist;
				LD_RUNPATH_SEARCH_PATHS = "$(inherited) @executable_path/Frameworks";
				PRODUCT_BUNDLE_IDENTIFIER = com.kartikgujarati.Weather;
				PRODUCT_NAME = "$(TARGET_NAME)";
				SWIFT_VERSION = 3.0;
			};
			name = Debug;
		};
		53540CBE1DEA51610065DD78 /* Release */ = {
			isa = XCBuildConfiguration;
			buildSettings = {
				ASSETCATALOG_COMPILER_APPICON_NAME = AppIcon;
				INFOPLIST_FILE = Weather/Info.plist;
				LD_RUNPATH_SEARCH_PATHS = "$(inherited) @executable_path/Frameworks";
				PRODUCT_BUNDLE_IDENTIFIER = com.kartikgujarati.Weather;
				PRODUCT_NAME = "$(TARGET_NAME)";
				SWIFT_VERSION = 3.0;
			};
			name = Release;
		};
/* End XCBuildConfiguration section */

/* Begin XCConfigurationList section */
		53540CA51DEA515D0065DD78 /* Build configuration list for PBXProject "Weather" */ = {
			isa = XCConfigurationList;
			buildConfigurations = (
				53540CBA1DEA51610065DD78 /* Debug */,
				53540CBB1DEA51610065DD78 /* Release */,
			);
			defaultConfigurationIsVisible = 0;
			defaultConfigurationName = Release;
		};
		53540CBC1DEA51610065DD78 /* Build configuration list for PBXNativeTarget "Weather" */ = {
			isa = XCConfigurationList;
			buildConfigurations = (
				53540CBD1DEA51610065DD78 /* Debug */,
				53540CBE1DEA51610065DD78 /* Release */,
			);
			defaultConfigurationIsVisible = 0;
		};
/* End XCConfigurationList section */
	};
	rootObject = 53540CA21DEA515D0065DD78 /* Project object */;
}
